
Microsoft Visual Studio Solution File, Format Version 12.00
# Visual Studio Version 17
VisualStudioVersion = 17.9.34622.214
MinimumVisualStudioVersion = 10.0.40219.1
Project("{FAE04EC0-301F-11D3-BF4B-00C04F79EFBC}") = "exceltosql", "exceltosql\exceltosql.csproj", "{692C7861-C08F-4D02-8EF0-4D4C769D600D}"
EndProject
Global
	GlobalSection(SolutionConfigurationPlatforms) = preSolution
		Debug|Any CPU = Debug|Any CPU
		Release|Any CPU = Release|Any CPU
	EndGlobalSection
	GlobalSection(ProjectConfigurationPlatforms) = postSolution
		{692C7861-C08F-4D02-8EF0-4D4C769D600D}.Debug|Any CPU.ActiveCfg = Debug|Any CPU
		{692C7861-C08F-4D02-8EF0-4D4C769D600D}.Debug|Any CPU.Build.0 = Debug|Any CPU
		{692C7861-C08F-4D02-8EF0-4D4C769D600D}.Release|Any CPU.ActiveCfg = Release|Any CPU
		{692C7861-C08F-4D02-8EF0-4D4C769D600D}.Release|Any CPU.Build.0 = Release|Any CPU
	EndGlobalSection
	GlobalSection(SolutionProperties) = preSolution
		HideSolutionNode = FALSE
	EndGlobalSection
	GlobalSection(ExtensibilityGlobals) = postSolution
		SolutionGuid = {728C1D30-7974-431D-9600-28ADFD09B149}
	EndGlobalSection
EndGlobal
